
Microsoft Visual Studio Solution File, Format Version 12.00
# Visual Studio 15
VisualStudioVersion = 15.0.33529.398
MinimumVisualStudioVersion = 10.0.40219.1
Project("{9A19103F-16F7-4668-BE54-9A1E7A4F7556}") = "FlightBooking", "Flight Booking\FlightBooking.csproj", "{B3038908-8E30-4AE6-941D-6D0E168BFE2A}"
EndProject
Global
	GlobalSection(SolutionConfigurationPlatforms) = preSolution
		Debug|Any CPU = Debug|Any CPU
		Release|Any CPU = Release|Any CPU
	EndGlobalSection
	GlobalSection(ProjectConfigurationPlatforms) = postSolution
		{B3038908-8E30-4AE6-941D-6D0E168BFE2A}.Debug|Any CPU.ActiveCfg = Debug|Any CPU
		{B3038908-8E30-4AE6-941D-6D0E168BFE2A}.Debug|Any CPU.Build.0 = Debug|Any CPU
		{B3038908-8E30-4AE6-941D-6D0E168BFE2A}.Release|Any CPU.ActiveCfg = Release|Any CPU
		{B3038908-8E30-4AE6-941D-6D0E168BFE2A}.Release|Any CPU.Build.0 = Release|Any CPU
	EndGlobalSection
	GlobalSection(SolutionProperties) = preSolution
		HideSolutionNode = FALSE
	EndGlobalSection
	GlobalSection(ExtensibilityGlobals) = postSolution
		SolutionGuid = {9A361A6B-675D-4CCB-8021-63F5F1363332}
	EndGlobalSection
EndGlobal
